
Microsoft Visual Studio Solution File, Format Version 12.00
# Visual Studio Version 17
VisualStudioVersion = 17.5.33530.505
MinimumVisualStudioVersion = 10.0.40219.1
Project("{FAE04EC0-301F-11D3-BF4B-00C04F79EFBC}") = "Laba10", "WpfApp2\Laba10.csproj", "{7A4F3887-9294-4779-8954-47246A995937}"
EndProject
Global
	GlobalSection(SolutionConfigurationPlatforms) = preSolution
		Debug|Any CPU = Debug|Any CPU
		Release|Any CPU = Release|Any CPU
	EndGlobalSection
	GlobalSection(ProjectConfigurationPlatforms) = postSolution
		{7A4F3887-9294-4779-8954-47246A995937}.Debug|Any CPU.ActiveCfg = Debug|Any CPU
		{7A4F3887-9294-4779-8954-47246A995937}.Debug|Any CPU.Build.0 = Debug|Any CPU
		{7A4F3887-9294-4779-8954-47246A995937}.Release|Any CPU.ActiveCfg = Release|Any CPU
		{7A4F3887-9294-4779-8954-47246A995937}.Release|Any CPU.Build.0 = Release|Any CPU
	EndGlobalSection
	GlobalSection(SolutionProperties) = preSolution
		HideSolutionNode = FALSE
	EndGlobalSection
	GlobalSection(ExtensibilityGlobals) = postSolution
		SolutionGuid = {454C9D8A-776D-4B4C-9379-E24F5FF9132C}
	EndGlobalSection
EndGlobal
